
Microsoft Visual Studio Solution File, Format Version 12.00
# Visual Studio Version 16
VisualStudioVersion = 16.0.809.10
MinimumVisualStudioVersion = 10.0.40219.1
Project("{9A19103F-16F7-4668-BE54-9A1E7A4F7556}") = "Problem3", "Problem3\Problem3.csproj", "{35BB121D-9C9B-43A7-B681-800B22BAD0D9}"
EndProject
Project("{9A19103F-16F7-4668-BE54-9A1E7A4F7556}") = "Utils", "Utils\Utils.csproj", "{D1EE4FA1-8BDC-4AA2-8EDE-09628544A20F}"
EndProject
Project("{9A19103F-16F7-4668-BE54-9A1E7A4F7556}") = "Problem4", "Problem4\Problem4.csproj", "{3104738F-F8A3-41EF-894F-D443D46396D5}"
EndProject
Project("{9A19103F-16F7-4668-BE54-9A1E7A4F7556}") = "Problem5", "Problem5\Problem5.csproj", "{82C630F4-D47A-4922-92A1-F45E785A8780}"
EndProject
Project("{9A19103F-16F7-4668-BE54-9A1E7A4F7556}") = "Problem9", "Problem9\Problem9.csproj", "{D5EE84B2-508F-4F8F-851A-1EE18291914D}"
EndProject
Project("{9A19103F-16F7-4668-BE54-9A1E7A4F7556}") = "Problem10", "Problem10\Problem10.csproj", "{BE02CDC8-DC51-41AD-B2A4-7C43F2A51063}"
EndProject
Project("{9A19103F-16F7-4668-BE54-9A1E7A4F7556}") = "Problem12", "Problem12\Problem12.csproj", "{A7BF3A9B-37BA-4A94-B444-C59532500202}"
EndProject
Project("{9A19103F-16F7-4668-BE54-9A1E7A4F7556}") = "BellCurveWarmUp", "BellCurveWarmUp\BellCurveWarmUp.csproj", "{AFFD9B85-3B59-441C-A2BA-FE475FE41E34}"
EndProject
Project("{9A19103F-16F7-4668-BE54-9A1E7A4F7556}") = "Problem18", "Problem18\Problem18.csproj", "{DB6F3400-8DDC-4C75-B401-C9136EA22CEF}"
EndProject
Project("{9A19103F-16F7-4668-BE54-9A1E7A4F7556}") = "Problem11", "Problem11\Problem11.csproj", "{ED39D0D2-15FD-40A2-A878-41A90C04E73F}"
EndProject
Project("{9A19103F-16F7-4668-BE54-9A1E7A4F7556}") = "Problem19", "Problem19\Problem19.csproj", "{C97F0A73-506C-485E-B80C-B0689A7154E1}"
EndProject
Project("{9A19103F-16F7-4668-BE54-9A1E7A4F7556}") = "Problem27", "Problem27\Problem27.csproj", "{537B2F6F-791F-4C78-A68B-53E9C967B0E3}"
EndProject
Project("{9A19103F-16F7-4668-BE54-9A1E7A4F7556}") = "Problem16", "Problem16\Problem16.csproj", "{6B384599-BC21-452B-8318-BB1E8640768F}"
EndProject
Project("{9A19103F-16F7-4668-BE54-9A1E7A4F7556}") = "Problem15", "Problem15\Problem15.csproj", "{D220ED05-2380-4F87-B56F-C488096D7F02}"
EndProject
Project("{9A19103F-16F7-4668-BE54-9A1E7A4F7556}") = "Problem24", "Problem24\Problem24.csproj", "{9F1278E7-E2F3-4DC8-AE03-FBEB88D586CF}"
EndProject
Project("{9A19103F-16F7-4668-BE54-9A1E7A4F7556}") = "Problem43", "Problem43\Problem43.csproj", "{1C51C354-3E7C-46C6-91C3-468CE1F3B977}"
EndProject
Project("{9A19103F-16F7-4668-BE54-9A1E7A4F7556}") = "Problem30", "Problem30\Problem30.csproj", "{F5F852B1-9439-425E-A2C3-8184B369B0E1}"
EndProject
Project("{FAE04EC0-301F-11D3-BF4B-00C04F79EFBC}") = "Problem22", "Problem22\Problem22.csproj", "{D1294A1A-0500-4D22-9EB8-4F008F4C1825}"
EndProject
Global
	GlobalSection(SolutionConfigurationPlatforms) = preSolution
		Debug|Any CPU = Debug|Any CPU
		Release|Any CPU = Release|Any CPU
	EndGlobalSection
	GlobalSection(ProjectConfigurationPlatforms) = postSolution
		{35BB121D-9C9B-43A7-B681-800B22BAD0D9}.Debug|Any CPU.ActiveCfg = Debug|Any CPU
		{35BB121D-9C9B-43A7-B681-800B22BAD0D9}.Debug|Any CPU.Build.0 = Debug|Any CPU
		{35BB121D-9C9B-43A7-B681-800B22BAD0D9}.Release|Any CPU.ActiveCfg = Release|Any CPU
		{35BB121D-9C9B-43A7-B681-800B22BAD0D9}.Release|Any CPU.Build.0 = Release|Any CPU
		{D1EE4FA1-8BDC-4AA2-8EDE-09628544A20F}.Debug|Any CPU.ActiveCfg = Debug|Any CPU
		{D1EE4FA1-8BDC-4AA2-8EDE-09628544A20F}.Debug|Any CPU.Build.0 = Debug|Any CPU
		{D1EE4FA1-8BDC-4AA2-8EDE-09628544A20F}.Release|Any CPU.ActiveCfg = Release|Any CPU
		{D1EE4FA1-8BDC-4AA2-8EDE-09628544A20F}.Release|Any CPU.Build.0 = Release|Any CPU
		{3104738F-F8A3-41EF-894F-D443D46396D5}.Debug|Any CPU.ActiveCfg = Debug|Any CPU
		{3104738F-F8A3-41EF-894F-D443D46396D5}.Debug|Any CPU.Build.0 = Debug|Any CPU
		{3104738F-F8A3-41EF-894F-D443D46396D5}.Release|Any CPU.ActiveCfg = Release|Any CPU
		{3104738F-F8A3-41EF-894F-D443D46396D5}.Release|Any CPU.Build.0 = Release|Any CPU
		{82C630F4-D47A-4922-92A1-F45E785A8780}.Debug|Any CPU.ActiveCfg = Debug|Any CPU
		{82C630F4-D47A-4922-92A1-F45E785A8780}.Debug|Any CPU.Build.0 = Debug|Any CPU
		{82C630F4-D47A-4922-92A1-F45E785A8780}.Release|Any CPU.ActiveCfg = Release|Any CPU
		{82C630F4-D47A-4922-92A1-F45E785A8780}.Release|Any CPU.Build.0 = Release|Any CPU
		{D5EE84B2-508F-4F8F-851A-1EE18291914D}.Debug|Any CPU.ActiveCfg = Debug|Any CPU
		{D5EE84B2-508F-4F8F-851A-1EE18291914D}.Debug|Any CPU.Build.0 = Debug|Any CPU
		{D5EE84B2-508F-4F8F-851A-1EE18291914D}.Release|Any CPU.ActiveCfg = Release|Any CPU
		{D5EE84B2-508F-4F8F-851A-1EE18291914D}.Release|Any CPU.Build.0 = Release|Any CPU
		{BE02CDC8-DC51-41AD-B2A4-7C43F2A51063}.Debug|Any CPU.ActiveCfg = Debug|Any CPU
		{BE02CDC8-DC51-41AD-B2A4-7C43F2A51063}.Debug|Any CPU.Build.0 = Debug|Any CPU
		{BE02CDC8-DC51-41AD-B2A4-7C43F2A51063}.Release|Any CPU.ActiveCfg = Release|Any CPU
		{BE02CDC8-DC51-41AD-B2A4-7C43F2A51063}.Release|Any CPU.Build.0 = Release|Any CPU
		{A7BF3A9B-37BA-4A94-B444-C59532500202}.Debug|Any CPU.ActiveCfg = Debug|Any CPU
		{A7BF3A9B-37BA-4A94-B444-C59532500202}.Debug|Any CPU.Build.0 = Debug|Any CPU
		{A7BF3A9B-37BA-4A94-B444-C59532500202}.Release|Any CPU.ActiveCfg = Release|Any CPU
		{A7BF3A9B-37BA-4A94-B444-C59532500202}.Release|Any CPU.Build.0 = Release|Any CPU
		{AFFD9B85-3B59-441C-A2BA-FE475FE41E34}.Debug|Any CPU.ActiveCfg = Debug|Any CPU
		{AFFD9B85-3B59-441C-A2BA-FE475FE41E34}.Debug|Any CPU.Build.0 = Debug|Any CPU
		{AFFD9B85-3B59-441C-A2BA-FE475FE41E34}.Release|Any CPU.ActiveCfg = Release|Any CPU
		{AFFD9B85-3B59-441C-A2BA-FE475FE41E34}.Release|Any CPU.Build.0 = Release|Any CPU
		{DB6F3400-8DDC-4C75-B401-C9136EA22CEF}.Debug|Any CPU.ActiveCfg = Debug|Any CPU
		{DB6F3400-8DDC-4C75-B401-C9136EA22CEF}.Debug|Any CPU.Build.0 = Debug|Any CPU
		{DB6F3400-8DDC-4C75-B401-C9136EA22CEF}.Release|Any CPU.ActiveCfg = Release|Any CPU
		{DB6F3400-8DDC-4C75-B401-C9136EA22CEF}.Release|Any CPU.Build.0 = Release|Any CPU
		{ED39D0D2-15FD-40A2-A878-41A90C04E73F}.Debug|Any CPU.ActiveCfg = Debug|Any CPU
		{ED39D0D2-15FD-40A2-A878-41A90C04E73F}.Debug|Any CPU.Build.0 = Debug|Any CPU
		{ED39D0D2-15FD-40A2-A878-41A90C04E73F}.Release|Any CPU.ActiveCfg = Release|Any CPU
		{ED39D0D2-15FD-40A2-A878-41A90C04E73F}.Release|Any CPU.Build.0 = Release|Any CPU
		{C97F0A73-506C-485E-B80C-B0689A7154E1}.Debug|Any CPU.ActiveCfg = Debug|Any CPU
		{C97F0A73-506C-485E-B80C-B0689A7154E1}.Debug|Any CPU.Build.0 = Debug|Any CPU
		{C97F0A73-506C-485E-B80C-B0689A7154E1}.Release|Any CPU.ActiveCfg = Release|Any CPU
		{C97F0A73-506C-485E-B80C-B0689A7154E1}.Release|Any CPU.Build.0 = Release|Any CPU
		{537B2F6F-791F-4C78-A68B-53E9C967B0E3}.Debug|Any CPU.ActiveCfg = Debug|Any CPU
		{537B2F6F-791F-4C78-A68B-53E9C967B0E3}.Debug|Any CPU.Build.0 = Debug|Any CPU
		{537B2F6F-791F-4C78-A68B-53E9C967B0E3}.Release|Any CPU.ActiveCfg = Release|Any CPU
		{537B2F6F-791F-4C78-A68B-53E9C967B0E3}.Release|Any CPU.Build.0 = Release|Any CPU
		{6B384599-BC21-452B-8318-BB1E8640768F}.Debug|Any CPU.ActiveCfg = Debug|Any CPU
		{6B384599-BC21-452B-8318-BB1E8640768F}.Debug|Any CPU.Build.0 = Debug|Any CPU
		{6B384599-BC21-452B-8318-BB1E8640768F}.Release|Any CPU.ActiveCfg = Release|Any CPU
		{6B384599-BC21-452B-8318-BB1E8640768F}.Release|Any CPU.Build.0 = Release|Any CPU
		{D220ED05-2380-4F87-B56F-C488096D7F02}.Debug|Any CPU.ActiveCfg = Debug|Any CPU
		{D220ED05-2380-4F87-B56F-C488096D7F02}.Debug|Any CPU.Build.0 = Debug|Any CPU
		{D220ED05-2380-4F87-B56F-C488096D7F02}.Release|Any CPU.ActiveCfg = Release|Any CPU
		{D220ED05-2380-4F87-B56F-C488096D7F02}.Release|Any CPU.Build.0 = Release|Any CPU
		{9F1278E7-E2F3-4DC8-AE03-FBEB88D586CF}.Debug|Any CPU.ActiveCfg = Debug|Any CPU
		{9F1278E7-E2F3-4DC8-AE03-FBEB88D586CF}.Debug|Any CPU.Build.0 = Debug|Any CPU
		{9F1278E7-E2F3-4DC8-AE03-FBEB88D586CF}.Release|Any CPU.ActiveCfg = Release|Any CPU
		{9F1278E7-E2F3-4DC8-AE03-FBEB88D586CF}.Release|Any CPU.Build.0 = Release|Any CPU
		{1C51C354-3E7C-46C6-91C3-468CE1F3B977}.Debug|Any CPU.ActiveCfg = Debug|Any CPU
		{1C51C354-3E7C-46C6-91C3-468CE1F3B977}.Debug|Any CPU.Build.0 = Debug|Any CPU
		{1C51C354-3E7C-46C6-91C3-468CE1F3B977}.Release|Any CPU.ActiveCfg = Release|Any CPU
		{1C51C354-3E7C-46C6-91C3-468CE1F3B977}.Release|Any CPU.Build.0 = Release|Any CPU
		{F5F852B1-9439-425E-A2C3-8184B369B0E1}.Debug|Any CPU.ActiveCfg = Debug|Any CPU
		{F5F852B1-9439-425E-A2C3-8184B369B0E1}.Debug|Any CPU.Build.0 = Debug|Any CPU
		{F5F852B1-9439-425E-A2C3-8184B369B0E1}.Release|Any CPU.ActiveCfg = Release|Any CPU
		{F5F852B1-9439-425E-A2C3-8184B369B0E1}.Release|Any CPU.Build.0 = Release|Any CPU
		{D1294A1A-0500-4D22-9EB8-4F008F4C1825}.Debug|Any CPU.ActiveCfg = Debug|Any CPU
		{D1294A1A-0500-4D22-9EB8-4F008F4C1825}.Debug|Any CPU.Build.0 = Debug|Any CPU
		{D1294A1A-0500-4D22-9EB8-4F008F4C1825}.Release|Any CPU.ActiveCfg = Release|Any CPU
		{D1294A1A-0500-4D22-9EB8-4F008F4C1825}.Release|Any CPU.Build.0 = Release|Any CPU
	EndGlobalSection
	GlobalSection(SolutionProperties) = preSolution
		HideSolutionNode = FALSE
	EndGlobalSection
	GlobalSection(ExtensibilityGlobals) = postSolution
		SolutionGuid = {59F75158-D8E8-4D6E-9BA0-1303447FC2A4}
	EndGlobalSection
EndGlobal
